
Microsoft Visual Studio Solution File, Format Version 12.00
# Visual Studio Version 16
VisualStudioVersion = 16.0.32228.343
MinimumVisualStudioVersion = 10.0.40219.1
Project("{FAE04EC0-301F-11D3-BF4B-00C04F79EFBC}") = "LazerMark", "LazerMark\LazerMark.csproj", "{AB48C77A-447F-4DF9-918F-EED4417C331B}"
EndProject
Project("{FAE04EC0-301F-11D3-BF4B-00C04F79EFBC}") = "TSocket", "TSocket\TSocket.csproj", "{C565AC91-B5E7-4FD3-AD86-16722B57E8E8}"
EndProject
Global
	GlobalSection(SolutionConfigurationPlatforms) = preSolution
		Debug|Any CPU = Debug|Any CPU
		Release|Any CPU = Release|Any CPU
	EndGlobalSection
	GlobalSection(ProjectConfigurationPlatforms) = postSolution
		{AB48C77A-447F-4DF9-918F-EED4417C331B}.Debug|Any CPU.ActiveCfg = Debug|Any CPU
		{AB48C77A-447F-4DF9-918F-EED4417C331B}.Debug|Any CPU.Build.0 = Debug|Any CPU
		{AB48C77A-447F-4DF9-918F-EED4417C331B}.Release|Any CPU.ActiveCfg = Release|Any CPU
		{AB48C77A-447F-4DF9-918F-EED4417C331B}.Release|Any CPU.Build.0 = Release|Any CPU
		{C565AC91-B5E7-4FD3-AD86-16722B57E8E8}.Debug|Any CPU.ActiveCfg = Debug|Any CPU
		{C565AC91-B5E7-4FD3-AD86-16722B57E8E8}.Debug|Any CPU.Build.0 = Debug|Any CPU
		{C565AC91-B5E7-4FD3-AD86-16722B57E8E8}.Release|Any CPU.ActiveCfg = Release|Any CPU
		{C565AC91-B5E7-4FD3-AD86-16722B57E8E8}.Release|Any CPU.Build.0 = Release|Any CPU
	EndGlobalSection
	GlobalSection(SolutionProperties) = preSolution
		HideSolutionNode = FALSE
	EndGlobalSection
	GlobalSection(ExtensibilityGlobals) = postSolution
		SolutionGuid = {795BC775-0D80-4622-9FF1-8E9E81B870C9}
	EndGlobalSection
EndGlobal
